// !$*UTF8*$!
{
	archiveVersion = 1;
	classes = {
	};
	objectVersion = 56;
	objects = {

/* Begin PBXBuildFile section */
		D3152DE329C1F8690082C0EF /* AppDelegate.swift in Sources */ = {isa = PBXBuildFile; fileRef = D3152DE229C1F8690082C0EF /* AppDelegate.swift */; };
		D3152DE529C1F8690082C0EF /* SceneDelegate.swift in Sources */ = {isa = PBXBuildFile; fileRef = D3152DE429C1F8690082C0EF /* SceneDelegate.swift */; };
		D3152DE729C1F8690082C0EF /* RMTabViewController.swift in Sources */ = {isa = PBXBuildFile; fileRef = D3152DE629C1F8690082C0EF /* RMTabViewController.swift */; };
		D3152DEC29C1F86A0082C0EF /* Assets.xcassets in Resources */ = {isa = PBXBuildFile; fileRef = D3152DEB29C1F86A0082C0EF /* Assets.xcassets */; };
		D3152DEF29C1F86A0082C0EF /* LaunchScreen.storyboard in Resources */ = {isa = PBXBuildFile; fileRef = D3152DED29C1F86A0082C0EF /* LaunchScreen.storyboard */; };
		D3152DFE29C1FB500082C0EF /* RMLocation.swift in Sources */ = {isa = PBXBuildFile; fileRef = D3152DFD29C1FB500082C0EF /* RMLocation.swift */; };
		D3152E0029C1FB5F0082C0EF /* RMCharacter.swift in Sources */ = {isa = PBXBuildFile; fileRef = D3152DFF29C1FB5F0082C0EF /* RMCharacter.swift */; };
		D3152E0229C1FB6E0082C0EF /* RMEpisode.swift in Sources */ = {isa = PBXBuildFile; fileRef = D3152E0129C1FB6E0082C0EF /* RMEpisode.swift */; };
		D3152E0529C1FC290082C0EF /* RMCharacterController.swift in Sources */ = {isa = PBXBuildFile; fileRef = D3152E0429C1FC290082C0EF /* RMCharacterController.swift */; };
		D3152E0729C1FC3B0082C0EF /* RMEpisodeViewController.swift in Sources */ = {isa = PBXBuildFile; fileRef = D3152E0629C1FC3B0082C0EF /* RMEpisodeViewController.swift */; };
		D3152E0929C1FC490082C0EF /* RMLocationViewController.swift in Sources */ = {isa = PBXBuildFile; fileRef = D3152E0829C1FC490082C0EF /* RMLocationViewController.swift */; };
		D3152E0B29C1FC6E0082C0EF /* RMSettingsViewController.swift in Sources */ = {isa = PBXBuildFile; fileRef = D3152E0A29C1FC6E0082C0EF /* RMSettingsViewController.swift */; };
/* End PBXBuildFile section */

/* Begin PBXFileReference section */
		D3152DDF29C1F8690082C0EF /* RickMorty.app */ = {isa = PBXFileReference; explicitFileType = wrapper.application; includeInIndex = 0; path = RickMorty.app; sourceTree = BUILT_PRODUCTS_DIR; };
		D3152DE229C1F8690082C0EF /* AppDelegate.swift */ = {isa = PBXFileReference; lastKnownFileType = sourcecode.swift; path = AppDelegate.swift; sourceTree = "<group>"; };
		D3152DE429C1F8690082C0EF /* SceneDelegate.swift */ = {isa = PBXFileReference; lastKnownFileType = sourcecode.swift; path = SceneDelegate.swift; sourceTree = "<group>"; };
		D3152DE629C1F8690082C0EF /* RMTabViewController.swift */ = {isa = PBXFileReference; lastKnownFileType = sourcecode.swift; path = RMTabViewController.swift; sourceTree = "<group>"; };
		D3152DEB29C1F86A0082C0EF /* Assets.xcassets */ = {isa = PBXFileReference; lastKnownFileType = folder.assetcatalog; path = Assets.xcassets; sourceTree = "<group>"; };
		D3152DEE29C1F86A0082C0EF /* Base */ = {isa = PBXFileReference; lastKnownFileType = file.storyboard; name = Base; path = Base.lproj/LaunchScreen.storyboard; sourceTree = "<group>"; };
		D3152DF029C1F86A0082C0EF /* Info.plist */ = {isa = PBXFileReference; lastKnownFileType = text.plist.xml; path = Info.plist; sourceTree = "<group>"; };
		D3152DFD29C1FB500082C0EF /* RMLocation.swift */ = {isa = PBXFileReference; lastKnownFileType = sourcecode.swift; path = RMLocation.swift; sourceTree = "<group>"; };
		D3152DFF29C1FB5F0082C0EF /* RMCharacter.swift */ = {isa = PBXFileReference; lastKnownFileType = sourcecode.swift; path = RMCharacter.swift; sourceTree = "<group>"; };
		D3152E0129C1FB6E0082C0EF /* RMEpisode.swift */ = {isa = PBXFileReference; lastKnownFileType = sourcecode.swift; path = RMEpisode.swift; sourceTree = "<group>"; };
		D3152E0429C1FC290082C0EF /* RMCharacterController.swift */ = {isa = PBXFileReference; lastKnownFileType = sourcecode.swift; path = RMCharacterController.swift; sourceTree = "<group>"; };
		D3152E0629C1FC3B0082C0EF /* RMEpisodeViewController.swift */ = {isa = PBXFileReference; lastKnownFileType = sourcecode.swift; path = RMEpisodeViewController.swift; sourceTree = "<group>"; };
		D3152E0829C1FC490082C0EF /* RMLocationViewController.swift */ = {isa = PBXFileReference; lastKnownFileType = sourcecode.swift; path = RMLocationViewController.swift; sourceTree = "<group>"; };
		D3152E0A29C1FC6E0082C0EF /* RMSettingsViewController.swift */ = {isa = PBXFileReference; lastKnownFileType = sourcecode.swift; path = RMSettingsViewController.swift; sourceTree = "<group>"; };
/* End PBXFileReference section */

/* Begin PBXFrameworksBuildPhase section */
		D3152DDC29C1F8690082C0EF /* Frameworks */ = {
			isa = PBXFrameworksBuildPhase;
			buildActionMask = 2147483647;
			files = (
			);
			runOnlyForDeploymentPostprocessing = 0;
		};
/* End PBXFrameworksBuildPhase section */

/* Begin PBXGroup section */
		D3152DD629C1F8690082C0EF = {
			isa = PBXGroup;
			children = (
				D3152DE129C1F8690082C0EF /* RickMorty */,
				D3152DE029C1F8690082C0EF /* Products */,
			);
			sourceTree = "<group>";
		};
		D3152DE029C1F8690082C0EF /* Products */ = {
			isa = PBXGroup;
			children = (
				D3152DDF29C1F8690082C0EF /* RickMorty.app */,
			);
			name = Products;
			sourceTree = "<group>";
		};
		D3152DE129C1F8690082C0EF /* RickMorty */ = {
			isa = PBXGroup;
			children = (
				D3152DFC29C1FACC0082C0EF /* Resources */,
				D3152DFB29C1FAB60082C0EF /* ViewModels */,
				D3152DFA29C1FAA80082C0EF /* ApiClients */,
				D3152DF929C1FA940082C0EF /* Managers */,
				D3152DF829C1FA810082C0EF /* Views */,
				D3152DF729C1FA730082C0EF /* Models */,
				D3152DF629C1FA630082C0EF /* Controllers */,
				D3152DF029C1F86A0082C0EF /* Info.plist */,
			);
			path = RickMorty;
			sourceTree = "<group>";
		};
		D3152DF629C1FA630082C0EF /* Controllers */ = {
			isa = PBXGroup;
			children = (
				D3152E0329C1FBD60082C0EF /* Core */,
			);
			path = Controllers;
			sourceTree = "<group>";
		};
		D3152DF729C1FA730082C0EF /* Models */ = {
			isa = PBXGroup;
			children = (
				D3152DFD29C1FB500082C0EF /* RMLocation.swift */,
				D3152DFF29C1FB5F0082C0EF /* RMCharacter.swift */,
				D3152E0129C1FB6E0082C0EF /* RMEpisode.swift */,
			);
			path = Models;
			sourceTree = "<group>";
		};
		D3152DF829C1FA810082C0EF /* Views */ = {
			isa = PBXGroup;
			children = (
			);
			path = Views;
			sourceTree = "<group>";
		};
		D3152DF929C1FA940082C0EF /* Managers */ = {
			isa = PBXGroup;
			children = (
			);
			path = Managers;
			sourceTree = "<group>";
		};
		D3152DFA29C1FAA80082C0EF /* ApiClients */ = {
			isa = PBXGroup;
			children = (
			);
			path = ApiClients;
			sourceTree = "<group>";
		};
		D3152DFB29C1FAB60082C0EF /* ViewModels */ = {
			isa = PBXGroup;
			children = (
			);
			path = ViewModels;
			sourceTree = "<group>";
		};
		D3152DFC29C1FACC0082C0EF /* Resources */ = {
			isa = PBXGroup;
			children = (
				D3152DEB29C1F86A0082C0EF /* Assets.xcassets */,
				D3152DED29C1F86A0082C0EF /* LaunchScreen.storyboard */,
				D3152DE229C1F8690082C0EF /* AppDelegate.swift */,
				D3152DE429C1F8690082C0EF /* SceneDelegate.swift */,
			);
			path = Resources;
			sourceTree = "<group>";
		};
		D3152E0329C1FBD60082C0EF /* Core */ = {
			isa = PBXGroup;
			children = (
				D3152DE629C1F8690082C0EF /* RMTabViewController.swift */,
				D3152E0429C1FC290082C0EF /* RMCharacterController.swift */,
				D3152E0629C1FC3B0082C0EF /* RMEpisodeViewController.swift */,
				D3152E0829C1FC490082C0EF /* RMLocationViewController.swift */,
				D3152E0A29C1FC6E0082C0EF /* RMSettingsViewController.swift */,
			);
			path = Core;
			sourceTree = "<group>";
		};
/* End PBXGroup section */

/* Begin PBXNativeTarget section */
		D3152DDE29C1F8690082C0EF /* RickMorty */ = {
			isa = PBXNativeTarget;
			buildConfigurationList = D3152DF329C1F86A0082C0EF /* Build configuration list for PBXNativeTarget "RickMorty" */;
			buildPhases = (
				D3152DDB29C1F8690082C0EF /* Sources */,
				D3152DDC29C1F8690082C0EF /* Frameworks */,
				D3152DDD29C1F8690082C0EF /* Resources */,
			);
			buildRules = (
			);
			dependencies = (
			);
			name = RickMorty;
			productName = RickMorty;
			productReference = D3152DDF29C1F8690082C0EF /* RickMorty.app */;
			productType = "com.apple.product-type.application";
		};
/* End PBXNativeTarget section */

/* Begin PBXProject section */
		D3152DD729C1F8690082C0EF /* Project object */ = {
			isa = PBXProject;
			attributes = {
				BuildIndependentTargetsInParallel = 1;
				LastSwiftUpdateCheck = 1420;
				LastUpgradeCheck = 1420;
				TargetAttributes = {
					D3152DDE29C1F8690082C0EF = {
						CreatedOnToolsVersion = 14.2;
					};
				};
			};
			buildConfigurationList = D3152DDA29C1F8690082C0EF /* Build configuration list for PBXProject "RickMorty" */;
			compatibilityVersion = "Xcode 14.0";
			developmentRegion = en;
			hasScannedForEncodings = 0;
			knownRegions = (
				en,
				Base,
			);
			mainGroup = D3152DD629C1F8690082C0EF;
			productRefGroup = D3152DE029C1F8690082C0EF /* Products */;
			projectDirPath = "";
			projectRoot = "";
			targets = (
				D3152DDE29C1F8690082C0EF /* RickMorty */,
			);
		};
/* End PBXProject section */

/* Begin PBXResourcesBuildPhase section */
		D3152DDD29C1F8690082C0EF /* Resources */ = {
			isa = PBXResourcesBuildPhase;
			buildActionMask = 2147483647;
			files = (
				D3152DEF29C1F86A0082C0EF /* LaunchScreen.storyboard in Resources */,
				D3152DEC29C1F86A0082C0EF /* Assets.xcassets in Resources */,
			);
			runOnlyForDeploymentPostprocessing = 0;
		};
/* End PBXResourcesBuildPhase section */

/* Begin PBXSourcesBuildPhase section */
		D3152DDB29C1F8690082C0EF /* Sources */ = {
			isa = PBXSourcesBuildPhase;
			buildActionMask = 2147483647;
			files = (
				D3152E0929C1FC490082C0EF /* RMLocationViewController.swift in Sources */,
				D3152E0229C1FB6E0082C0EF /* RMEpisode.swift in Sources */,
				D3152E0529C1FC290082C0EF /* RMCharacterController.swift in Sources */,
				D3152DE729C1F8690082C0EF /* RMTabViewController.swift in Sources */,
				D3152DE329C1F8690082C0EF /* AppDelegate.swift in Sources */,
				D3152DE529C1F8690082C0EF /* SceneDelegate.swift in Sources */,
				D3152E0B29C1FC6E0082C0EF /* RMSettingsViewController.swift in Sources */,
				D3152DFE29C1FB500082C0EF /* RMLocation.swift in Sources */,
				D3152E0029C1FB5F0082C0EF /* RMCharacter.swift in Sources */,
				D3152E0729C1FC3B0082C0EF /* RMEpisodeViewController.swift in Sources */,
			);
			runOnlyForDeploymentPostprocessing = 0;
		};
/* End PBXSourcesBuildPhase section */

/* Begin PBXVariantGroup section */
		D3152DED29C1F86A0082C0EF /* LaunchScreen.storyboard */ = {
			isa = PBXVariantGroup;
			children = (
				D3152DEE29C1F86A0082C0EF /* Base */,
			);
			name = LaunchScreen.storyboard;
			sourceTree = "<group>";
		};
/* End PBXVariantGroup section */

/* Begin XCBuildConfiguration section */
		D3152DF129C1F86A0082C0EF /* Debug */ = {
			isa = XCBuildConfiguration;
			buildSettings = {
				ALWAYS_SEARCH_USER_PATHS = NO;
				CLANG_ANALYZER_NONNULL = YES;
				CLANG_ANALYZER_NUMBER_OBJECT_CONVERSION = YES_AGGRESSIVE;
				CLANG_CXX_LANGUAGE_STANDARD = "gnu++20";
				CLANG_ENABLE_MODULES = YES;
				CLANG_ENABLE_OBJC_ARC = YES;
				CLANG_ENABLE_OBJC_WEAK = YES;
				CLANG_WARN_BLOCK_CAPTURE_AUTORELEASING = YES;
				CLANG_WARN_BOOL_CONVERSION = YES;
				CLANG_WARN_COMMA = YES;
				CLANG_WARN_CONSTANT_CONVERSION = YES;
				CLANG_WARN_DEPRECATED_OBJC_IMPLEMENTATIONS = YES;
				CLANG_WARN_DIRECT_OBJC_ISA_USAGE = YES_ERROR;
				CLANG_WARN_DOCUMENTATION_COMMENTS = YES;
				CLANG_WARN_EMPTY_BODY = YES;
				CLANG_WARN_ENUM_CONVERSION = YES;
				CLANG_WARN_INFINITE_RECURSION = YES;
				CLANG_WARN_INT_CONVERSION = YES;
				CLANG_WARN_NON_LITERAL_NULL_CONVERSION = YES;
				CLANG_WARN_OBJC_IMPLICIT_RETAIN_SELF = YES;
				CLANG_WARN_OBJC_LITERAL_CONVERSION = YES;
				CLANG_WARN_OBJC_ROOT_CLASS = YES_ERROR;
				CLANG_WARN_QUOTED_INCLUDE_IN_FRAMEWORK_HEADER = YES;
				CLANG_WARN_RANGE_LOOP_ANALYSIS = YES;
				CLANG_WARN_STRICT_PROTOTYPES = YES;
				CLANG_WARN_SUSPICIOUS_MOVE = YES;
				CLANG_WARN_UNGUARDED_AVAILABILITY = YES_AGGRESSIVE;
				CLANG_WARN_UNREACHABLE_CODE = YES;
				CLANG_WARN__DUPLICATE_METHOD_MATCH = YES;
				COPY_PHASE_STRIP = NO;
				DEBUG_INFORMATION_FORMAT = dwarf;
				ENABLE_STRICT_OBJC_MSGSEND = YES;
				ENABLE_TESTABILITY = YES;
				GCC_C_LANGUAGE_STANDARD = gnu11;
				GCC_DYNAMIC_NO_PIC = NO;
				GCC_NO_COMMON_BLOCKS = YES;
				GCC_OPTIMIZATION_LEVEL = 0;
				GCC_PREPROCESSOR_DEFINITIONS = (
					"DEBUG=1",
					"$(inherited)",
				);
				GCC_WARN_64_TO_32_BIT_CONVERSION = YES;
				GCC_WARN_ABOUT_RETURN_TYPE = YES_ERROR;
				GCC_WARN_UNDECLARED_SELECTOR = YES;
				GCC_WARN_UNINITIALIZED_AUTOS = YES_AGGRESSIVE;
				GCC_WARN_UNUSED_FUNCTION = YES;
				GCC_WARN_UNUSED_VARIABLE = YES;
				IPHONEOS_DEPLOYMENT_TARGET = 16.2;
				MTL_ENABLE_DEBUG_INFO = INCLUDE_SOURCE;
				MTL_FAST_MATH = YES;
				ONLY_ACTIVE_ARCH = YES;
				SDKROOT = iphoneos;
				SWIFT_ACTIVE_COMPILATION_CONDITIONS = DEBUG;
				SWIFT_OPTIMIZATION_LEVEL = "-Onone";
			};
			name = Debug;
		};
		D3152DF229C1F86A0082C0EF /* Release */ = {
			isa = XCBuildConfiguration;
			buildSettings = {
				ALWAYS_SEARCH_USER_PATHS = NO;
				CLANG_ANALYZER_NONNULL = YES;
				CLANG_ANALYZER_NUMBER_OBJECT_CONVERSION = YES_AGGRESSIVE;
				CLANG_CXX_LANGUAGE_STANDARD = "gnu++20";
				CLANG_ENABLE_MODULES = YES;
				CLANG_ENABLE_OBJC_ARC = YES;
				CLANG_ENABLE_OBJC_WEAK = YES;
				CLANG_WARN_BLOCK_CAPTURE_AUTORELEASING = YES;
				CLANG_WARN_BOOL_CONVERSION = YES;
				CLANG_WARN_COMMA = YES;
				CLANG_WARN_CONSTANT_CONVERSION = YES;
				CLANG_WARN_DEPRECATED_OBJC_IMPLEMENTATIONS = YES;
				CLANG_WARN_DIRECT_OBJC_ISA_USAGE = YES_ERROR;
				CLANG_WARN_DOCUMENTATION_COMMENTS = YES;
				CLANG_WARN_EMPTY_BODY = YES;
				CLANG_WARN_ENUM_CONVERSION = YES;
				CLANG_WARN_INFINITE_RECURSION = YES;
				CLANG_WARN_INT_CONVERSION = YES;
				CLANG_WARN_NON_LITERAL_NULL_CONVERSION = YES;
				CLANG_WARN_OBJC_IMPLICIT_RETAIN_SELF = YES;
				CLANG_WARN_OBJC_LITERAL_CONVERSION = YES;
				CLANG_WARN_OBJC_ROOT_CLASS = YES_ERROR;
				CLANG_WARN_QUOTED_INCLUDE_IN_FRAMEWORK_HEADER = YES;
				CLANG_WARN_RANGE_LOOP_ANALYSIS = YES;
				CLANG_WARN_STRICT_PROTOTYPES = YES;
				CLANG_WARN_SUSPICIOUS_MOVE = YES;
				CLANG_WARN_UNGUARDED_AVAILABILITY = YES_AGGRESSIVE;
				CLANG_WARN_UNREACHABLE_CODE = YES;
				CLANG_WARN__DUPLICATE_METHOD_MATCH = YES;
				COPY_PHASE_STRIP = NO;
				DEBUG_INFORMATION_FORMAT = "dwarf-with-dsym";
				ENABLE_NS_ASSERTIONS = NO;
				ENABLE_STRICT_OBJC_MSGSEND = YES;
				GCC_C_LANGUAGE_STANDARD = gnu11;
				GCC_NO_COMMON_BLOCKS = YES;
				GCC_WARN_64_TO_32_BIT_CONVERSION = YES;
				GCC_WARN_ABOUT_RETURN_TYPE = YES_ERROR;
				GCC_WARN_UNDECLARED_SELECTOR = YES;
				GCC_WARN_UNINITIALIZED_AUTOS = YES_AGGRESSIVE;
				GCC_WARN_UNUSED_FUNCTION = YES;
				GCC_WARN_UNUSED_VARIABLE = YES;
				IPHONEOS_DEPLOYMENT_TARGET = 16.2;
				MTL_ENABLE_DEBUG_INFO = NO;
				MTL_FAST_MATH = YES;
				SDKROOT = iphoneos;
				SWIFT_COMPILATION_MODE = wholemodule;
				SWIFT_OPTIMIZATION_LEVEL = "-O";
				VALIDATE_PRODUCT = YES;
			};
			name = Release;
		};
		D3152DF429C1F86A0082C0EF /* Debug */ = {
			isa = XCBuildConfiguration;
			buildSettings = {
				ASSETCATALOG_COMPILER_APPICON_NAME = AppIcon;
				ASSETCATALOG_COMPILER_GLOBAL_ACCENT_COLOR_NAME = AccentColor;
				CODE_SIGN_STYLE = Automatic;
				CURRENT_PROJECT_VERSION = 1;
				DEVELOPMENT_TEAM = BDF5Y3V898;
				GENERATE_INFOPLIST_FILE = YES;
				INFOPLIST_FILE = RickMorty/Info.plist;
				INFOPLIST_KEY_UIApplicationSupportsIndirectInputEvents = YES;
				INFOPLIST_KEY_UILaunchStoryboardName = LaunchScreen;
				INFOPLIST_KEY_UISupportedInterfaceOrientations_iPad = "UIInterfaceOrientationPortrait UIInterfaceOrientationPortraitUpsideDown UIInterfaceOrientationLandscapeLeft UIInterfaceOrientationLandscapeRight";
				INFOPLIST_KEY_UISupportedInterfaceOrientations_iPhone = "UIInterfaceOrientationPortrait UIInterfaceOrientationLandscapeLeft UIInterfaceOrientationLandscapeRight";
				LD_RUNPATH_SEARCH_PATHS = (
					"$(inherited)",
					"@executable_path/Frameworks",
				);
				MARKETING_VERSION = 1.0;
				PRODUCT_BUNDLE_IDENTIFIER = com.quicksnap.RickMorty;
				PRODUCT_NAME = "$(TARGET_NAME)";
				SWIFT_EMIT_LOC_STRINGS = YES;
				SWIFT_VERSION = 5.0;
				TARGETED_DEVICE_FAMILY = "1,2";
			};
			name = Debug;
		};
		D3152DF529C1F86A0082C0EF /* Release */ = {
			isa = XCBuildConfiguration;
			buildSettings = {
				ASSETCATALOG_COMPILER_APPICON_NAME = AppIcon;
				ASSETCATALOG_COMPILER_GLOBAL_ACCENT_COLOR_NAME = AccentColor;
				CODE_SIGN_STYLE = Automatic;
				CURRENT_PROJECT_VERSION = 1;
				DEVELOPMENT_TEAM = BDF5Y3V898;
				GENERATE_INFOPLIST_FILE = YES;
				INFOPLIST_FILE = RickMorty/Info.plist;
				INFOPLIST_KEY_UIApplicationSupportsIndirectInputEvents = YES;
				INFOPLIST_KEY_UILaunchStoryboardName = LaunchScreen;
				INFOPLIST_KEY_UISupportedInterfaceOrientations_iPad = "UIInterfaceOrientationPortrait UIInterfaceOrientationPortraitUpsideDown UIInterfaceOrientationLandscapeLeft UIInterfaceOrientationLandscapeRight";
				INFOPLIST_KEY_UISupportedInterfaceOrientations_iPhone = "UIInterfaceOrientationPortrait UIInterfaceOrientationLandscapeLeft UIInterfaceOrientationLandscapeRight";
				LD_RUNPATH_SEARCH_PATHS = (
					"$(inherited)",
					"@executable_path/Frameworks",
				);
				MARKETING_VERSION = 1.0;
				PRODUCT_BUNDLE_IDENTIFIER = com.quicksnap.RickMorty;
				PRODUCT_NAME = "$(TARGET_NAME)";
				SWIFT_EMIT_LOC_STRINGS = YES;
				SWIFT_VERSION = 5.0;
				TARGETED_DEVICE_FAMILY = "1,2";
			};
			name = Release;
		};
/* End XCBuildConfiguration section */

/* Begin XCConfigurationList section */
		D3152DDA29C1F8690082C0EF /* Build configuration list for PBXProject "RickMorty" */ = {
			isa = XCConfigurationList;
			buildConfigurations = (
				D3152DF129C1F86A0082C0EF /* Debug */,
				D3152DF229C1F86A0082C0EF /* Release */,
			);
			defaultConfigurationIsVisible = 0;
			defaultConfigurationName = Release;
		};
		D3152DF329C1F86A0082C0EF /* Build configuration list for PBXNativeTarget "RickMorty" */ = {
			isa = XCConfigurationList;
			buildConfigurations = (
				D3152DF429C1F86A0082C0EF /* Debug */,
				D3152DF529C1F86A0082C0EF /* Release */,
			);
			defaultConfigurationIsVisible = 0;
			defaultConfigurationName = Release;
		};
/* End XCConfigurationList section */
	};
	rootObject = D3152DD729C1F8690082C0EF /* Project object */;
}
